
Microsoft Visual Studio Solution File, Format Version 12.00
# Visual Studio Version 17
VisualStudioVersion = 17.4.33122.133
MinimumVisualStudioVersion = 10.0.40219.1
Project("{FAE04EC0-301F-11D3-BF4B-00C04F79EFBC}") = "AdministrationAPI", "AdministrationAPI.csproj", "{AD7AA8E3-687A-443E-9E80-16FE61275DAD}"
EndProject
Global
	GlobalSection(SolutionConfigurationPlatforms) = preSolution
		Debug|Any CPU = Debug|Any CPU
		Release|Any CPU = Release|Any CPU
	EndGlobalSection
	GlobalSection(ProjectConfigurationPlatforms) = postSolution
		{AD7AA8E3-687A-443E-9E80-16FE61275DAD}.Debug|Any CPU.ActiveCfg = Debug|Any CPU
		{AD7AA8E3-687A-443E-9E80-16FE61275DAD}.Debug|Any CPU.Build.0 = Debug|Any CPU
		{AD7AA8E3-687A-443E-9E80-16FE61275DAD}.Release|Any CPU.ActiveCfg = Release|Any CPU
		{AD7AA8E3-687A-443E-9E80-16FE61275DAD}.Release|Any CPU.Build.0 = Release|Any CPU
	EndGlobalSection
	GlobalSection(SolutionProperties) = preSolution
		HideSolutionNode = FALSE
	EndGlobalSection
	GlobalSection(ExtensibilityGlobals) = postSolution
		SolutionGuid = {5D796F04-9755-4ADE-985B-F3E8E6B91882}
	EndGlobalSection
EndGlobal
